
Microsoft Visual Studio Solution File, Format Version 12.00
# Visual Studio Version 16
VisualStudioVersion = 16.0.30621.155
MinimumVisualStudioVersion = 10.0.40219.1
Project("{9A19103F-16F7-4668-BE54-9A1E7A4F7556}") = "Repository", "Repository\Repository.csproj", "{95FE3BC7-07D6-4811-8BAD-B50CAADD25C9}"
EndProject
Project("{9A19103F-16F7-4668-BE54-9A1E7A4F7556}") = "Dominio", "Dominio\Dominio.csproj", "{C58BE6CC-8F0E-4E5D-AF5F-DE30E2E3A8D2}"
EndProject
Project("{9A19103F-16F7-4668-BE54-9A1E7A4F7556}") = "ApiReceitas", "ApiReceitas\ApiReceitas.csproj", "{0AE2F7EF-FCAC-4C57-A053-9B108C512416}"
EndProject
Project("{FAE04EC0-301F-11D3-BF4B-00C04F79EFBC}") = "WebAppReceitas", "WebAppReceitas\WebAppReceitas.csproj", "{A98E5F55-ADA1-4436-8BC1-7527BA61525F}"
EndProject
Global
	GlobalSection(SolutionConfigurationPlatforms) = preSolution
		Debug|Any CPU = Debug|Any CPU
		Release|Any CPU = Release|Any CPU
	EndGlobalSection
	GlobalSection(ProjectConfigurationPlatforms) = postSolution
		{95FE3BC7-07D6-4811-8BAD-B50CAADD25C9}.Debug|Any CPU.ActiveCfg = Debug|Any CPU
		{95FE3BC7-07D6-4811-8BAD-B50CAADD25C9}.Debug|Any CPU.Build.0 = Debug|Any CPU
		{95FE3BC7-07D6-4811-8BAD-B50CAADD25C9}.Release|Any CPU.ActiveCfg = Release|Any CPU
		{95FE3BC7-07D6-4811-8BAD-B50CAADD25C9}.Release|Any CPU.Build.0 = Release|Any CPU
		{C58BE6CC-8F0E-4E5D-AF5F-DE30E2E3A8D2}.Debug|Any CPU.ActiveCfg = Debug|Any CPU
		{C58BE6CC-8F0E-4E5D-AF5F-DE30E2E3A8D2}.Debug|Any CPU.Build.0 = Debug|Any CPU
		{C58BE6CC-8F0E-4E5D-AF5F-DE30E2E3A8D2}.Release|Any CPU.ActiveCfg = Release|Any CPU
		{C58BE6CC-8F0E-4E5D-AF5F-DE30E2E3A8D2}.Release|Any CPU.Build.0 = Release|Any CPU
		{0AE2F7EF-FCAC-4C57-A053-9B108C512416}.Debug|Any CPU.ActiveCfg = Debug|Any CPU
		{0AE2F7EF-FCAC-4C57-A053-9B108C512416}.Debug|Any CPU.Build.0 = Debug|Any CPU
		{0AE2F7EF-FCAC-4C57-A053-9B108C512416}.Release|Any CPU.ActiveCfg = Release|Any CPU
		{0AE2F7EF-FCAC-4C57-A053-9B108C512416}.Release|Any CPU.Build.0 = Release|Any CPU
		{A98E5F55-ADA1-4436-8BC1-7527BA61525F}.Debug|Any CPU.ActiveCfg = Debug|Any CPU
		{A98E5F55-ADA1-4436-8BC1-7527BA61525F}.Debug|Any CPU.Build.0 = Debug|Any CPU
		{A98E5F55-ADA1-4436-8BC1-7527BA61525F}.Release|Any CPU.ActiveCfg = Release|Any CPU
		{A98E5F55-ADA1-4436-8BC1-7527BA61525F}.Release|Any CPU.Build.0 = Release|Any CPU
	EndGlobalSection
	GlobalSection(SolutionProperties) = preSolution
		HideSolutionNode = FALSE
	EndGlobalSection
	GlobalSection(ExtensibilityGlobals) = postSolution
		SolutionGuid = {08CDA342-5A69-41D2-BB37-BD384639223F}
	EndGlobalSection
EndGlobal
